
Microsoft Visual Studio Solution File, Format Version 12.00
# Visual Studio 14
VisualStudioVersion = 14.0.23107.0
MinimumVisualStudioVersion = 10.0.40219.1
Project("{8BC9CEB8-8B4A-11D0-8D11-00A0C91BC942}") = "001_EntryPoint", "001_EntryPoint\001_EntryPoint.vcxproj", "{E4FFB994-A230-4DD1-8954-60222DD9FA9C}"
EndProject
Project("{8BC9CEB8-8B4A-11D0-8D11-00A0C91BC942}") = "002_ShowConsole", "002_ShowConsole\002_ShowConsole.vcxproj", "{71C3EBA4-9B94-4E0C-ACED-EEDEA67659B8}"
EndProject
Project("{8BC9CEB8-8B4A-11D0-8D11-00A0C91BC942}") = "003_PrintSystemError", "003_PrintSystemError\003_PrintSystemError.vcxproj", "{14C5686A-2DF6-4006-A604-73D8B1451032}"
EndProject
Project("{8BC9CEB8-8B4A-11D0-8D11-00A0C91BC942}") = "004_CreateWindow", "004_CreateWindow\004_CreateWindow.vcxproj", "{83B88DFE-D0D2-418B-8A54-D788083258CC}"
EndProject
Project("{8BC9CEB8-8B4A-11D0-8D11-00A0C91BC942}") = "005_EnumPixelFormat", "005_EnumPixelFormat\005_EnumPixelFormat.vcxproj", "{EEAB099F-1F0B-4592-B610-59016647997C}"
EndProject
Project("{8BC9CEB8-8B4A-11D0-8D11-00A0C91BC942}") = "006_ClearWindow", "006_ClearWindow\006_ClearWindow.vcxproj", "{997429C5-8DCB-4021-915E-07DB92AE7D03}"
EndProject
Project("{8BC9CEB8-8B4A-11D0-8D11-00A0C91BC942}") = "007_DrawTriangle_1_0", "007_DrawTriangle_1_0\007_DrawTriangle_1_0.vcxproj", "{376992A0-5245-4CF6-8AE9-C058F84CDBEE}"
EndProject
Project("{8BC9CEB8-8B4A-11D0-8D11-00A0C91BC942}") = "007_DrawTriangle_1_1", "007_DrawTriangle_1_1\007_DrawTriangle_1_1.vcxproj", "{9CAB9860-5A5F-477C-B0DE-57924DC664A7}"
EndProject
Project("{8BC9CEB8-8B4A-11D0-8D11-00A0C91BC942}") = "008_GetVersion", "008_GetVersion\008_GetVersion.vcxproj", "{0C236276-5357-40D6-BF71-9E6C1FDC5EC0}"
EndProject
Project("{8BC9CEB8-8B4A-11D0-8D11-00A0C91BC942}") = "009_CreateContext", "009_CreateContext\009_CreateContext.vcxproj", "{93F901F9-24F5-49AE-86DF-C8EF93D851C2}"
EndProject
Project("{8BC9CEB8-8B4A-11D0-8D11-00A0C91BC942}") = "010_DrawTriangle_1_5", "010_DrawTriangle_1_5\010_DrawTriangle_1_5.vcxproj", "{FB68C2D5-88D4-4F03-9761-E5D21C53FA3D}"
EndProject
Project("{8BC9CEB8-8B4A-11D0-8D11-00A0C91BC942}") = "GLLoaderGenerator", "GLLoaderGenerator\GLLoaderGenerator.vcxproj", "{0F0093BC-E179-4A3C-955F-5A134CB95AA0}"
EndProject
Project("{8BC9CEB8-8B4A-11D0-8D11-00A0C91BC942}") = "011_DrawTriangle_2_0", "011_DrawTriangle_2_0\011_DrawTriangle_2_0.vcxproj", "{9E1A0D3F-59F3-4E4F-A3D4-7ACFEB3E74A7}"
EndProject
Project("{8BC9CEB8-8B4A-11D0-8D11-00A0C91BC942}") = "012_DrawTriangle_3_0", "012_DrawTriangle_3_0\012_DrawTriangle_3_0.vcxproj", "{969B81A5-4292-4D10-B986-1D760382AEA2}"
EndProject
Global
	GlobalSection(SolutionConfigurationPlatforms) = preSolution
		Debug|x64 = Debug|x64
		Debug|x86 = Debug|x86
		Release|x64 = Release|x64
		Release|x86 = Release|x86
	EndGlobalSection
	GlobalSection(ProjectConfigurationPlatforms) = postSolution
		{E4FFB994-A230-4DD1-8954-60222DD9FA9C}.Debug|x64.ActiveCfg = Debug|x64
		{E4FFB994-A230-4DD1-8954-60222DD9FA9C}.Debug|x64.Build.0 = Debug|x64
		{E4FFB994-A230-4DD1-8954-60222DD9FA9C}.Debug|x86.ActiveCfg = Debug|Win32
		{E4FFB994-A230-4DD1-8954-60222DD9FA9C}.Debug|x86.Build.0 = Debug|Win32
		{E4FFB994-A230-4DD1-8954-60222DD9FA9C}.Release|x64.ActiveCfg = Release|x64
		{E4FFB994-A230-4DD1-8954-60222DD9FA9C}.Release|x64.Build.0 = Release|x64
		{E4FFB994-A230-4DD1-8954-60222DD9FA9C}.Release|x86.ActiveCfg = Release|Win32
		{E4FFB994-A230-4DD1-8954-60222DD9FA9C}.Release|x86.Build.0 = Release|Win32
		{71C3EBA4-9B94-4E0C-ACED-EEDEA67659B8}.Debug|x64.ActiveCfg = Debug|x64
		{71C3EBA4-9B94-4E0C-ACED-EEDEA67659B8}.Debug|x64.Build.0 = Debug|x64
		{71C3EBA4-9B94-4E0C-ACED-EEDEA67659B8}.Debug|x86.ActiveCfg = Debug|Win32
		{71C3EBA4-9B94-4E0C-ACED-EEDEA67659B8}.Debug|x86.Build.0 = Debug|Win32
		{71C3EBA4-9B94-4E0C-ACED-EEDEA67659B8}.Release|x64.ActiveCfg = Release|x64
		{71C3EBA4-9B94-4E0C-ACED-EEDEA67659B8}.Release|x64.Build.0 = Release|x64
		{71C3EBA4-9B94-4E0C-ACED-EEDEA67659B8}.Release|x86.ActiveCfg = Release|Win32
		{71C3EBA4-9B94-4E0C-ACED-EEDEA67659B8}.Release|x86.Build.0 = Release|Win32
		{14C5686A-2DF6-4006-A604-73D8B1451032}.Debug|x64.ActiveCfg = Debug|x64
		{14C5686A-2DF6-4006-A604-73D8B1451032}.Debug|x64.Build.0 = Debug|x64
		{14C5686A-2DF6-4006-A604-73D8B1451032}.Debug|x86.ActiveCfg = Debug|Win32
		{14C5686A-2DF6-4006-A604-73D8B1451032}.Debug|x86.Build.0 = Debug|Win32
		{14C5686A-2DF6-4006-A604-73D8B1451032}.Release|x64.ActiveCfg = Release|x64
		{14C5686A-2DF6-4006-A604-73D8B1451032}.Release|x64.Build.0 = Release|x64
		{14C5686A-2DF6-4006-A604-73D8B1451032}.Release|x86.ActiveCfg = Release|Win32
		{14C5686A-2DF6-4006-A604-73D8B1451032}.Release|x86.Build.0 = Release|Win32
		{83B88DFE-D0D2-418B-8A54-D788083258CC}.Debug|x64.ActiveCfg = Debug|x64
		{83B88DFE-D0D2-418B-8A54-D788083258CC}.Debug|x64.Build.0 = Debug|x64
		{83B88DFE-D0D2-418B-8A54-D788083258CC}.Debug|x86.ActiveCfg = Debug|Win32
		{83B88DFE-D0D2-418B-8A54-D788083258CC}.Debug|x86.Build.0 = Debug|Win32
		{83B88DFE-D0D2-418B-8A54-D788083258CC}.Release|x64.ActiveCfg = Release|x64
		{83B88DFE-D0D2-418B-8A54-D788083258CC}.Release|x64.Build.0 = Release|x64
		{83B88DFE-D0D2-418B-8A54-D788083258CC}.Release|x86.ActiveCfg = Release|Win32
		{83B88DFE-D0D2-418B-8A54-D788083258CC}.Release|x86.Build.0 = Release|Win32
		{EEAB099F-1F0B-4592-B610-59016647997C}.Debug|x64.ActiveCfg = Debug|x64
		{EEAB099F-1F0B-4592-B610-59016647997C}.Debug|x64.Build.0 = Debug|x64
		{EEAB099F-1F0B-4592-B610-59016647997C}.Debug|x86.ActiveCfg = Debug|Win32
		{EEAB099F-1F0B-4592-B610-59016647997C}.Debug|x86.Build.0 = Debug|Win32
		{EEAB099F-1F0B-4592-B610-59016647997C}.Release|x64.ActiveCfg = Release|x64
		{EEAB099F-1F0B-4592-B610-59016647997C}.Release|x64.Build.0 = Release|x64
		{EEAB099F-1F0B-4592-B610-59016647997C}.Release|x86.ActiveCfg = Release|Win32
		{EEAB099F-1F0B-4592-B610-59016647997C}.Release|x86.Build.0 = Release|Win32
		{997429C5-8DCB-4021-915E-07DB92AE7D03}.Debug|x64.ActiveCfg = Debug|x64
		{997429C5-8DCB-4021-915E-07DB92AE7D03}.Debug|x64.Build.0 = Debug|x64
		{997429C5-8DCB-4021-915E-07DB92AE7D03}.Debug|x86.ActiveCfg = Debug|Win32
		{997429C5-8DCB-4021-915E-07DB92AE7D03}.Debug|x86.Build.0 = Debug|Win32
		{997429C5-8DCB-4021-915E-07DB92AE7D03}.Release|x64.ActiveCfg = Release|x64
		{997429C5-8DCB-4021-915E-07DB92AE7D03}.Release|x64.Build.0 = Release|x64
		{997429C5-8DCB-4021-915E-07DB92AE7D03}.Release|x86.ActiveCfg = Release|Win32
		{997429C5-8DCB-4021-915E-07DB92AE7D03}.Release|x86.Build.0 = Release|Win32
		{376992A0-5245-4CF6-8AE9-C058F84CDBEE}.Debug|x64.ActiveCfg = Debug|x64
		{376992A0-5245-4CF6-8AE9-C058F84CDBEE}.Debug|x64.Build.0 = Debug|x64
		{376992A0-5245-4CF6-8AE9-C058F84CDBEE}.Debug|x86.ActiveCfg = Debug|Win32
		{376992A0-5245-4CF6-8AE9-C058F84CDBEE}.Debug|x86.Build.0 = Debug|Win32
		{376992A0-5245-4CF6-8AE9-C058F84CDBEE}.Release|x64.ActiveCfg = Release|x64
		{376992A0-5245-4CF6-8AE9-C058F84CDBEE}.Release|x64.Build.0 = Release|x64
		{376992A0-5245-4CF6-8AE9-C058F84CDBEE}.Release|x86.ActiveCfg = Release|Win32
		{376992A0-5245-4CF6-8AE9-C058F84CDBEE}.Release|x86.Build.0 = Release|Win32
		{9CAB9860-5A5F-477C-B0DE-57924DC664A7}.Debug|x64.ActiveCfg = Debug|x64
		{9CAB9860-5A5F-477C-B0DE-57924DC664A7}.Debug|x64.Build.0 = Debug|x64
		{9CAB9860-5A5F-477C-B0DE-57924DC664A7}.Debug|x86.ActiveCfg = Debug|Win32
		{9CAB9860-5A5F-477C-B0DE-57924DC664A7}.Debug|x86.Build.0 = Debug|Win32
		{9CAB9860-5A5F-477C-B0DE-57924DC664A7}.Release|x64.ActiveCfg = Release|x64
		{9CAB9860-5A5F-477C-B0DE-57924DC664A7}.Release|x64.Build.0 = Release|x64
		{9CAB9860-5A5F-477C-B0DE-57924DC664A7}.Release|x86.ActiveCfg = Release|Win32
		{9CAB9860-5A5F-477C-B0DE-57924DC664A7}.Release|x86.Build.0 = Release|Win32
		{0C236276-5357-40D6-BF71-9E6C1FDC5EC0}.Debug|x64.ActiveCfg = Debug|x64
		{0C236276-5357-40D6-BF71-9E6C1FDC5EC0}.Debug|x64.Build.0 = Debug|x64
		{0C236276-5357-40D6-BF71-9E6C1FDC5EC0}.Debug|x86.ActiveCfg = Debug|Win32
		{0C236276-5357-40D6-BF71-9E6C1FDC5EC0}.Debug|x86.Build.0 = Debug|Win32
		{0C236276-5357-40D6-BF71-9E6C1FDC5EC0}.Release|x64.ActiveCfg = Release|x64
		{0C236276-5357-40D6-BF71-9E6C1FDC5EC0}.Release|x64.Build.0 = Release|x64
		{0C236276-5357-40D6-BF71-9E6C1FDC5EC0}.Release|x86.ActiveCfg = Release|Win32
		{0C236276-5357-40D6-BF71-9E6C1FDC5EC0}.Release|x86.Build.0 = Release|Win32
		{93F901F9-24F5-49AE-86DF-C8EF93D851C2}.Debug|x64.ActiveCfg = Debug|x64
		{93F901F9-24F5-49AE-86DF-C8EF93D851C2}.Debug|x64.Build.0 = Debug|x64
		{93F901F9-24F5-49AE-86DF-C8EF93D851C2}.Debug|x86.ActiveCfg = Debug|Win32
		{93F901F9-24F5-49AE-86DF-C8EF93D851C2}.Debug|x86.Build.0 = Debug|Win32
		{93F901F9-24F5-49AE-86DF-C8EF93D851C2}.Release|x64.ActiveCfg = Release|x64
		{93F901F9-24F5-49AE-86DF-C8EF93D851C2}.Release|x64.Build.0 = Release|x64
		{93F901F9-24F5-49AE-86DF-C8EF93D851C2}.Release|x86.ActiveCfg = Release|Win32
		{93F901F9-24F5-49AE-86DF-C8EF93D851C2}.Release|x86.Build.0 = Release|Win32
		{FB68C2D5-88D4-4F03-9761-E5D21C53FA3D}.Debug|x64.ActiveCfg = Debug|x64
		{FB68C2D5-88D4-4F03-9761-E5D21C53FA3D}.Debug|x64.Build.0 = Debug|x64
		{FB68C2D5-88D4-4F03-9761-E5D21C53FA3D}.Debug|x86.ActiveCfg = Debug|Win32
		{FB68C2D5-88D4-4F03-9761-E5D21C53FA3D}.Debug|x86.Build.0 = Debug|Win32
		{FB68C2D5-88D4-4F03-9761-E5D21C53FA3D}.Release|x64.ActiveCfg = Release|x64
		{FB68C2D5-88D4-4F03-9761-E5D21C53FA3D}.Release|x64.Build.0 = Release|x64
		{FB68C2D5-88D4-4F03-9761-E5D21C53FA3D}.Release|x86.ActiveCfg = Release|Win32
		{FB68C2D5-88D4-4F03-9761-E5D21C53FA3D}.Release|x86.Build.0 = Release|Win32
		{0F0093BC-E179-4A3C-955F-5A134CB95AA0}.Debug|x64.ActiveCfg = Debug|x64
		{0F0093BC-E179-4A3C-955F-5A134CB95AA0}.Debug|x64.Build.0 = Debug|x64
		{0F0093BC-E179-4A3C-955F-5A134CB95AA0}.Debug|x86.ActiveCfg = Debug|Win32
		{0F0093BC-E179-4A3C-955F-5A134CB95AA0}.Debug|x86.Build.0 = Debug|Win32
		{0F0093BC-E179-4A3C-955F-5A134CB95AA0}.Release|x64.ActiveCfg = Release|x64
		{0F0093BC-E179-4A3C-955F-5A134CB95AA0}.Release|x64.Build.0 = Release|x64
		{0F0093BC-E179-4A3C-955F-5A134CB95AA0}.Release|x86.ActiveCfg = Release|Win32
		{0F0093BC-E179-4A3C-955F-5A134CB95AA0}.Release|x86.Build.0 = Release|Win32
		{9E1A0D3F-59F3-4E4F-A3D4-7ACFEB3E74A7}.Debug|x64.ActiveCfg = Debug|x64
		{9E1A0D3F-59F3-4E4F-A3D4-7ACFEB3E74A7}.Debug|x64.Build.0 = Debug|x64
		{9E1A0D3F-59F3-4E4F-A3D4-7ACFEB3E74A7}.Debug|x86.ActiveCfg = Debug|Win32
		{9E1A0D3F-59F3-4E4F-A3D4-7ACFEB3E74A7}.Debug|x86.Build.0 = Debug|Win32
		{9E1A0D3F-59F3-4E4F-A3D4-7ACFEB3E74A7}.Release|x64.ActiveCfg = Release|x64
		{9E1A0D3F-59F3-4E4F-A3D4-7ACFEB3E74A7}.Release|x64.Build.0 = Release|x64
		{9E1A0D3F-59F3-4E4F-A3D4-7ACFEB3E74A7}.Release|x86.ActiveCfg = Release|Win32
		{9E1A0D3F-59F3-4E4F-A3D4-7ACFEB3E74A7}.Release|x86.Build.0 = Release|Win32
		{969B81A5-4292-4D10-B986-1D760382AEA2}.Debug|x64.ActiveCfg = Debug|x64
		{969B81A5-4292-4D10-B986-1D760382AEA2}.Debug|x64.Build.0 = Debug|x64
		{969B81A5-4292-4D10-B986-1D760382AEA2}.Debug|x86.ActiveCfg = Debug|Win32
		{969B81A5-4292-4D10-B986-1D760382AEA2}.Debug|x86.Build.0 = Debug|Win32
		{969B81A5-4292-4D10-B986-1D760382AEA2}.Release|x64.ActiveCfg = Release|x64
		{969B81A5-4292-4D10-B986-1D760382AEA2}.Release|x64.Build.0 = Release|x64
		{969B81A5-4292-4D10-B986-1D760382AEA2}.Release|x86.ActiveCfg = Release|Win32
		{969B81A5-4292-4D10-B986-1D760382AEA2}.Release|x86.Build.0 = Release|Win32
	EndGlobalSection
	GlobalSection(SolutionProperties) = preSolution
		HideSolutionNode = FALSE
	EndGlobalSection
EndGlobal
